// !$*UTF8*$!
{
	archiveVersion = 1;
	classes = {
	};
	objectVersion = 56;
	objects = {

/* Begin PBXBuildFile section */
		0B19F7272BE58A22006ECE82 /* TeamsViewController.swift in Sources */ = {isa = PBXBuildFile; fileRef = 0B19F7262BE58A22006ECE82 /* TeamsViewController.swift */; };
		0B19F7292BE5914F006ECE82 /* Team.swift in Sources */ = {isa = PBXBuildFile; fileRef = 0B19F7282BE5914F006ECE82 /* Team.swift */; };
		0B19F72C2BE5D675006ECE82 /* TeamsViewCell.swift in Sources */ = {isa = PBXBuildFile; fileRef = 0B19F72B2BE5D675006ECE82 /* TeamsViewCell.swift */; };
		0B563C912BEEB63800D076C3 /* ScheduleAboutCell.swift in Sources */ = {isa = PBXBuildFile; fileRef = 0B563C902BEEB63800D076C3 /* ScheduleAboutCell.swift */; };
		0B7F57302BE1A8DA00291197 /* UIColor+Helpers.swift in Sources */ = {isa = PBXBuildFile; fileRef = 0B7F572F2BE1A8DA00291197 /* UIColor+Helpers.swift */; };
		0B7F57382BE1DFFB00291197 /* super-star.ttf in Resources */ = {isa = PBXBuildFile; fileRef = 0B7F57372BE1DFFB00291197 /* super-star.ttf */; };
		0B7F573A2BE31BEB00291197 /* C&C Red Alert.ttf in Resources */ = {isa = PBXBuildFile; fileRef = 0B7F57392BE31BEB00291197 /* C&C Red Alert.ttf */; };
		0B7F573C2BE32F5C00291197 /* UIViewCell+Helpers.swift in Sources */ = {isa = PBXBuildFile; fileRef = 0B7F573B2BE32F5C00291197 /* UIViewCell+Helpers.swift */; };
		0B7F573E2BE47B9500291197 /* UINavigationBar+Helpers.swift in Sources */ = {isa = PBXBuildFile; fileRef = 0B7F573D2BE47B9500291197 /* UINavigationBar+Helpers.swift */; };
		0B7F57402BE497C000291197 /* UILabel+Helpers.swift in Sources */ = {isa = PBXBuildFile; fileRef = 0B7F573F2BE497C000291197 /* UILabel+Helpers.swift */; };
		0BAB080D2BF2E85A00A392DE /* Circuit.swift in Sources */ = {isa = PBXBuildFile; fileRef = 0BAB080C2BF2E85A00A392DE /* Circuit.swift */; };
		0BC20E722BC61AB90054BC2E /* DriverDetailViewController.swift in Sources */ = {isa = PBXBuildFile; fileRef = 0BC20E712BC61AB90054BC2E /* DriverDetailViewController.swift */; };
		0BC20E742BC630060054BC2E /* DriverHeaderCell.swift in Sources */ = {isa = PBXBuildFile; fileRef = 0BC20E732BC630060054BC2E /* DriverHeaderCell.swift */; };
		0BE82FA12BC6447A00723155 /* Driver.swift in Sources */ = {isa = PBXBuildFile; fileRef = 0BE82FA02BC6447A00723155 /* Driver.swift */; };
		0BF2A8DB2BE849120084780E /* UIBarButtonItem+Helpers.swift in Sources */ = {isa = PBXBuildFile; fileRef = 0BF2A8DA2BE849120084780E /* UIBarButtonItem+Helpers.swift */; };
		52AA54676913DA888B6C5423 /* Pods_FormulaOne.framework in Frameworks */ = {isa = PBXBuildFile; fileRef = DF334A89CB28845D22AAB9A2 /* Pods_FormulaOne.framework */; };
		7C0D22A12BC2A6C5003486DC /* ScheduleDetailController.swift in Sources */ = {isa = PBXBuildFile; fileRef = 7C0D22A02BC2A6C5003486DC /* ScheduleDetailController.swift */; };
		7C1E1B192C15244300B4C1B0 /* DriverDetailController.swift in Sources */ = {isa = PBXBuildFile; fileRef = 7C1E1B182C15244300B4C1B0 /* DriverDetailController.swift */; };
		7CA230872BC3DAA0000C252A /* ScheduleDetailHeaderCell.swift in Sources */ = {isa = PBXBuildFile; fileRef = 7CA230862BC3DAA0000C252A /* ScheduleDetailHeaderCell.swift */; };
		7CE071C62BB797350096DC28 /* AppDelegate.swift in Sources */ = {isa = PBXBuildFile; fileRef = 7CE071C52BB797350096DC28 /* AppDelegate.swift */; };
		7CE071C82BB797350096DC28 /* SceneDelegate.swift in Sources */ = {isa = PBXBuildFile; fileRef = 7CE071C72BB797350096DC28 /* SceneDelegate.swift */; };
		7CE071CA2BB797350096DC28 /* RacingDriverViewController.swift in Sources */ = {isa = PBXBuildFile; fileRef = 7CE071C92BB797350096DC28 /* RacingDriverViewController.swift */; };
		7CE071CF2BB797370096DC28 /* Assets.xcassets in Resources */ = {isa = PBXBuildFile; fileRef = 7CE071CE2BB797370096DC28 /* Assets.xcassets */; };
		7CE071D22BB797370096DC28 /* Base in Resources */ = {isa = PBXBuildFile; fileRef = 7CE071D12BB797370096DC28 /* Base */; };
		7CE071DA2BB797E10096DC28 /* MainTabController.swift in Sources */ = {isa = PBXBuildFile; fileRef = 7CE071D92BB797E10096DC28 /* MainTabController.swift */; };
		7CE071DC2BB7981C0096DC28 /* BaseCollectionView.swift in Sources */ = {isa = PBXBuildFile; fileRef = 7CE071DB2BB7981C0096DC28 /* BaseCollectionView.swift */; };
		7CE071DE2BB798630096DC28 /* ScheduleViewController.swift in Sources */ = {isa = PBXBuildFile; fileRef = 7CE071DD2BB798630096DC28 /* ScheduleViewController.swift */; };
		7CE071E12BB798D00096DC28 /* Schedule.swift in Sources */ = {isa = PBXBuildFile; fileRef = 7CE071E02BB798D00096DC28 /* Schedule.swift */; };
		7CE071E42BB799250096DC28 /* APIService.swift in Sources */ = {isa = PBXBuildFile; fileRef = 7CE071E32BB799250096DC28 /* APIService.swift */; };
		7CE071EA2BB79A040096DC28 /* ScheduleCell.swift in Sources */ = {isa = PBXBuildFile; fileRef = 7CE071E92BB79A040096DC28 /* ScheduleCell.swift */; };
		7CE071ED2BB79D520096DC28 /* UIView+Helpers.swift in Sources */ = {isa = PBXBuildFile; fileRef = 7CE071EC2BB79D520096DC28 /* UIView+Helpers.swift */; };
		7CE071EF2BB79D990096DC28 /* UIStackView+Helpers.swift in Sources */ = {isa = PBXBuildFile; fileRef = 7CE071EE2BB79D990096DC28 /* UIStackView+Helpers.swift */; };
		7CE071F12BB79FD10096DC28 /* DateFormatter+Helpers.swift in Sources */ = {isa = PBXBuildFile; fileRef = 7CE071F02BB79FD10096DC28 /* DateFormatter+Helpers.swift */; };
		7CE071F32BB7A3690096DC28 /* UIFont+Helpers.swift in Sources */ = {isa = PBXBuildFile; fileRef = 7CE071F22BB7A3690096DC28 /* UIFont+Helpers.swift */; };
		7CE071F82BB88CDD0096DC28 /* ScheduleDetailCell.swift in Sources */ = {isa = PBXBuildFile; fileRef = 7CE071F72BB88CDD0096DC28 /* ScheduleDetailCell.swift */; };
		7CE41FBF2BBA1F7F00DDE7FF /* RacingDriverCell.swift in Sources */ = {isa = PBXBuildFile; fileRef = 7CE41FBE2BBA1F7F00DDE7FF /* RacingDriverCell.swift */; };
		7CF65D532C190345007EE839 /* ScheduleFastestLapCell.swift in Sources */ = {isa = PBXBuildFile; fileRef = 7CF65D522C190345007EE839 /* ScheduleFastestLapCell.swift */; };
		7CF65D552C19885B007EE839 /* ReusableHeaderView.swift in Sources */ = {isa = PBXBuildFile; fileRef = 7CF65D542C19885B007EE839 /* ReusableHeaderView.swift */; };
/* End PBXBuildFile section */

/* Begin PBXFileReference section */
		0B19F7262BE58A22006ECE82 /* TeamsViewController.swift */ = {isa = PBXFileReference; lastKnownFileType = sourcecode.swift; path = TeamsViewController.swift; sourceTree = "<group>"; };
		0B19F7282BE5914F006ECE82 /* Team.swift */ = {isa = PBXFileReference; lastKnownFileType = sourcecode.swift; path = Team.swift; sourceTree = "<group>"; };
		0B19F72B2BE5D675006ECE82 /* TeamsViewCell.swift */ = {isa = PBXFileReference; lastKnownFileType = sourcecode.swift; path = TeamsViewCell.swift; sourceTree = "<group>"; };
		0B563C902BEEB63800D076C3 /* ScheduleAboutCell.swift */ = {isa = PBXFileReference; lastKnownFileType = sourcecode.swift; path = ScheduleAboutCell.swift; sourceTree = "<group>"; };
		0B7F572F2BE1A8DA00291197 /* UIColor+Helpers.swift */ = {isa = PBXFileReference; lastKnownFileType = sourcecode.swift; path = "UIColor+Helpers.swift"; sourceTree = "<group>"; };
		0B7F57372BE1DFFB00291197 /* super-star.ttf */ = {isa = PBXFileReference; lastKnownFileType = file; path = "super-star.ttf"; sourceTree = "<group>"; };
		0B7F57392BE31BEB00291197 /* C&C Red Alert.ttf */ = {isa = PBXFileReference; lastKnownFileType = file; path = "C&C Red Alert.ttf"; sourceTree = "<group>"; };
		0B7F573B2BE32F5C00291197 /* UIViewCell+Helpers.swift */ = {isa = PBXFileReference; lastKnownFileType = sourcecode.swift; path = "UIViewCell+Helpers.swift"; sourceTree = "<group>"; };
		0B7F573D2BE47B9500291197 /* UINavigationBar+Helpers.swift */ = {isa = PBXFileReference; lastKnownFileType = sourcecode.swift; path = "UINavigationBar+Helpers.swift"; sourceTree = "<group>"; };
		0B7F573F2BE497C000291197 /* UILabel+Helpers.swift */ = {isa = PBXFileReference; lastKnownFileType = sourcecode.swift; path = "UILabel+Helpers.swift"; sourceTree = "<group>"; };
		0BAB080C2BF2E85A00A392DE /* Circuit.swift */ = {isa = PBXFileReference; lastKnownFileType = sourcecode.swift; path = Circuit.swift; sourceTree = "<group>"; };
		0BC20E712BC61AB90054BC2E /* DriverDetailViewController.swift */ = {isa = PBXFileReference; lastKnownFileType = sourcecode.swift; path = DriverDetailViewController.swift; sourceTree = "<group>"; };
		0BC20E732BC630060054BC2E /* DriverHeaderCell.swift */ = {isa = PBXFileReference; lastKnownFileType = sourcecode.swift; path = DriverHeaderCell.swift; sourceTree = "<group>"; };
		0BE82FA02BC6447A00723155 /* Driver.swift */ = {isa = PBXFileReference; lastKnownFileType = sourcecode.swift; path = Driver.swift; sourceTree = "<group>"; };
		0BF2A8DA2BE849120084780E /* UIBarButtonItem+Helpers.swift */ = {isa = PBXFileReference; lastKnownFileType = sourcecode.swift; path = "UIBarButtonItem+Helpers.swift"; sourceTree = "<group>"; };
		4DDE1FFE08C981C05E48D838 /* Pods-FormulaOne.release.xcconfig */ = {isa = PBXFileReference; includeInIndex = 1; lastKnownFileType = text.xcconfig; name = "Pods-FormulaOne.release.xcconfig"; path = "Target Support Files/Pods-FormulaOne/Pods-FormulaOne.release.xcconfig"; sourceTree = "<group>"; };
		7C0D22A02BC2A6C5003486DC /* ScheduleDetailController.swift */ = {isa = PBXFileReference; lastKnownFileType = sourcecode.swift; path = ScheduleDetailController.swift; sourceTree = "<group>"; };
		7C1E1B182C15244300B4C1B0 /* DriverDetailController.swift */ = {isa = PBXFileReference; lastKnownFileType = sourcecode.swift; path = DriverDetailController.swift; sourceTree = "<group>"; };
		7CA230862BC3DAA0000C252A /* ScheduleDetailHeaderCell.swift */ = {isa = PBXFileReference; lastKnownFileType = sourcecode.swift; path = ScheduleDetailHeaderCell.swift; sourceTree = "<group>"; };
		7CE071C22BB797350096DC28 /* FormulaOne.app */ = {isa = PBXFileReference; explicitFileType = wrapper.application; includeInIndex = 0; path = FormulaOne.app; sourceTree = BUILT_PRODUCTS_DIR; };
		7CE071C52BB797350096DC28 /* AppDelegate.swift */ = {isa = PBXFileReference; lastKnownFileType = sourcecode.swift; path = AppDelegate.swift; sourceTree = "<group>"; };
		7CE071C72BB797350096DC28 /* SceneDelegate.swift */ = {isa = PBXFileReference; lastKnownFileType = sourcecode.swift; path = SceneDelegate.swift; sourceTree = "<group>"; };
		7CE071C92BB797350096DC28 /* RacingDriverViewController.swift */ = {isa = PBXFileReference; lastKnownFileType = sourcecode.swift; path = RacingDriverViewController.swift; sourceTree = "<group>"; };
		7CE071CE2BB797370096DC28 /* Assets.xcassets */ = {isa = PBXFileReference; lastKnownFileType = folder.assetcatalog; path = Assets.xcassets; sourceTree = "<group>"; };
		7CE071D12BB797370096DC28 /* Base */ = {isa = PBXFileReference; lastKnownFileType = file.storyboard; name = Base; path = Base.lproj/LaunchScreen.storyboard; sourceTree = "<group>"; };
		7CE071D32BB797370096DC28 /* Info.plist */ = {isa = PBXFileReference; lastKnownFileType = text.plist.xml; path = Info.plist; sourceTree = "<group>"; };
		7CE071D92BB797E10096DC28 /* MainTabController.swift */ = {isa = PBXFileReference; lastKnownFileType = sourcecode.swift; path = MainTabController.swift; sourceTree = "<group>"; };
		7CE071DB2BB7981C0096DC28 /* BaseCollectionView.swift */ = {isa = PBXFileReference; lastKnownFileType = sourcecode.swift; path = BaseCollectionView.swift; sourceTree = "<group>"; };
		7CE071DD2BB798630096DC28 /* ScheduleViewController.swift */ = {isa = PBXFileReference; lastKnownFileType = sourcecode.swift; path = ScheduleViewController.swift; sourceTree = "<group>"; };
		7CE071E02BB798D00096DC28 /* Schedule.swift */ = {isa = PBXFileReference; lastKnownFileType = sourcecode.swift; path = Schedule.swift; sourceTree = "<group>"; };
		7CE071E32BB799250096DC28 /* APIService.swift */ = {isa = PBXFileReference; lastKnownFileType = sourcecode.swift; path = APIService.swift; sourceTree = "<group>"; };
		7CE071E92BB79A040096DC28 /* ScheduleCell.swift */ = {isa = PBXFileReference; lastKnownFileType = sourcecode.swift; path = ScheduleCell.swift; sourceTree = "<group>"; };
		7CE071EC2BB79D520096DC28 /* UIView+Helpers.swift */ = {isa = PBXFileReference; lastKnownFileType = sourcecode.swift; path = "UIView+Helpers.swift"; sourceTree = "<group>"; };
		7CE071EE2BB79D990096DC28 /* UIStackView+Helpers.swift */ = {isa = PBXFileReference; lastKnownFileType = sourcecode.swift; path = "UIStackView+Helpers.swift"; sourceTree = "<group>"; };
		7CE071F02BB79FD10096DC28 /* DateFormatter+Helpers.swift */ = {isa = PBXFileReference; lastKnownFileType = sourcecode.swift; path = "DateFormatter+Helpers.swift"; sourceTree = "<group>"; };
		7CE071F22BB7A3690096DC28 /* UIFont+Helpers.swift */ = {isa = PBXFileReference; lastKnownFileType = sourcecode.swift; path = "UIFont+Helpers.swift"; sourceTree = "<group>"; };
		7CE071F72BB88CDD0096DC28 /* ScheduleDetailCell.swift */ = {isa = PBXFileReference; lastKnownFileType = sourcecode.swift; path = ScheduleDetailCell.swift; sourceTree = "<group>"; };
		7CE41FBE2BBA1F7F00DDE7FF /* RacingDriverCell.swift */ = {isa = PBXFileReference; lastKnownFileType = sourcecode.swift; path = RacingDriverCell.swift; sourceTree = "<group>"; };
		7CF65D522C190345007EE839 /* ScheduleFastestLapCell.swift */ = {isa = PBXFileReference; lastKnownFileType = sourcecode.swift; path = ScheduleFastestLapCell.swift; sourceTree = "<group>"; };
		7CF65D542C19885B007EE839 /* ReusableHeaderView.swift */ = {isa = PBXFileReference; lastKnownFileType = sourcecode.swift; path = ReusableHeaderView.swift; sourceTree = "<group>"; };
		AE2A5309CEBE4D82A85ADE78 /* Pods-FormulaOne.debug.xcconfig */ = {isa = PBXFileReference; includeInIndex = 1; lastKnownFileType = text.xcconfig; name = "Pods-FormulaOne.debug.xcconfig"; path = "Target Support Files/Pods-FormulaOne/Pods-FormulaOne.debug.xcconfig"; sourceTree = "<group>"; };
		DF334A89CB28845D22AAB9A2 /* Pods_FormulaOne.framework */ = {isa = PBXFileReference; explicitFileType = wrapper.framework; includeInIndex = 0; path = Pods_FormulaOne.framework; sourceTree = BUILT_PRODUCTS_DIR; };
/* End PBXFileReference section */

/* Begin PBXFrameworksBuildPhase section */
		7CE071BF2BB797350096DC28 /* Frameworks */ = {
			isa = PBXFrameworksBuildPhase;
			buildActionMask = 2147483647;
			files = (
				52AA54676913DA888B6C5423 /* Pods_FormulaOne.framework in Frameworks */,
			);
			runOnlyForDeploymentPostprocessing = 0;
		};
/* End PBXFrameworksBuildPhase section */

/* Begin PBXGroup section */
		0B19F7252BE589C4006ECE82 /* Teams */ = {
			isa = PBXGroup;
			children = (
				0B19F7262BE58A22006ECE82 /* TeamsViewController.swift */,
			);
			path = Teams;
			sourceTree = "<group>";
		};
		0B19F72A2BE5D644006ECE82 /* Teams */ = {
			isa = PBXGroup;
			children = (
				0B19F72B2BE5D675006ECE82 /* TeamsViewCell.swift */,
			);
			path = Teams;
			sourceTree = "<group>";
		};
		0B929C122BE1661A0017B933 /* Fonts */ = {
			isa = PBXGroup;
			children = (
				0B7F57372BE1DFFB00291197 /* super-star.ttf */,
				0B7F57392BE31BEB00291197 /* C&C Red Alert.ttf */,
			);
			path = Fonts;
			sourceTree = "<group>";
		};
		0BC20E702BC61A590054BC2E /* DriverDetail */ = {
			isa = PBXGroup;
			children = (
				0BC20E712BC61AB90054BC2E /* DriverDetailViewController.swift */,
				7C1E1B182C15244300B4C1B0 /* DriverDetailController.swift */,
			);
			path = DriverDetail;
			sourceTree = "<group>";
		};
		7CE071B92BB797350096DC28 = {
			isa = PBXGroup;
			children = (
				7CE071C42BB797350096DC28 /* FormulaOne */,
				7CE071C32BB797350096DC28 /* Products */,
				FA6A2F0E3BFE403ADD37C1B5 /* Pods */,
				9814C15AF5A8E4F4B7AA8C33 /* Frameworks */,
			);
			sourceTree = "<group>";
		};
		7CE071C32BB797350096DC28 /* Products */ = {
			isa = PBXGroup;
			children = (
				7CE071C22BB797350096DC28 /* FormulaOne.app */,
			);
			name = Products;
			sourceTree = "<group>";
		};
		7CE071C42BB797350096DC28 /* FormulaOne */ = {
			isa = PBXGroup;
			children = (
				0B929C122BE1661A0017B933 /* Fonts */,
				7CE071EB2BB79D320096DC28 /* Extension */,
				7CE071E62BB7995B0096DC28 /* Views */,
				7CE071E52BB7994E0096DC28 /* Controllers */,
				7CE071E22BB798F60096DC28 /* APIService */,
				7CE071DF2BB798BA0096DC28 /* Model */,
				7CE071C52BB797350096DC28 /* AppDelegate.swift */,
				7CE071C72BB797350096DC28 /* SceneDelegate.swift */,
				7CE071CE2BB797370096DC28 /* Assets.xcassets */,
				7CE071D02BB797370096DC28 /* LaunchScreen.storyboard */,
				7CE071D32BB797370096DC28 /* Info.plist */,
			);
			path = FormulaOne;
			sourceTree = "<group>";
		};
		7CE071DF2BB798BA0096DC28 /* Model */ = {
			isa = PBXGroup;
			children = (
				7CE071E02BB798D00096DC28 /* Schedule.swift */,
				0BE82FA02BC6447A00723155 /* Driver.swift */,
				0B19F7282BE5914F006ECE82 /* Team.swift */,
				0BAB080C2BF2E85A00A392DE /* Circuit.swift */,
			);
			path = Model;
			sourceTree = "<group>";
		};
		7CE071E22BB798F60096DC28 /* APIService */ = {
			isa = PBXGroup;
			children = (
				7CE071E32BB799250096DC28 /* APIService.swift */,
			);
			path = APIService;
			sourceTree = "<group>";
		};
		7CE071E52BB7994E0096DC28 /* Controllers */ = {
			isa = PBXGroup;
			children = (
				0B19F7252BE589C4006ECE82 /* Teams */,
				7CE41FBC2BBA196700DDE7FF /* RacingDriver */,
				7CE071E72BB799730096DC28 /* Schedule */,
				7CE071D92BB797E10096DC28 /* MainTabController.swift */,
				7CE071DB2BB7981C0096DC28 /* BaseCollectionView.swift */,
			);
			path = Controllers;
			sourceTree = "<group>";
		};
		7CE071E62BB7995B0096DC28 /* Views */ = {
			isa = PBXGroup;
			children = (
				0B19F72A2BE5D644006ECE82 /* Teams */,
				7CE41FBD2BBA1F4E00DDE7FF /* RacingDriver */,
				7CE071E82BB799A50096DC28 /* Schedule */,
				7CF65D542C19885B007EE839 /* ReusableHeaderView.swift */,
			);
			path = Views;
			sourceTree = "<group>";
		};
		7CE071E72BB799730096DC28 /* Schedule */ = {
			isa = PBXGroup;
			children = (
				7CE071DD2BB798630096DC28 /* ScheduleViewController.swift */,
				7CE071F42BB7A8490096DC28 /* SheduleDetail */,
			);
			path = Schedule;
			sourceTree = "<group>";
		};
		7CE071E82BB799A50096DC28 /* Schedule */ = {
			isa = PBXGroup;
			children = (
				7CE071E92BB79A040096DC28 /* ScheduleCell.swift */,
				7CE071F72BB88CDD0096DC28 /* ScheduleDetailCell.swift */,
				7CA230862BC3DAA0000C252A /* ScheduleDetailHeaderCell.swift */,
				0B563C902BEEB63800D076C3 /* ScheduleAboutCell.swift */,
				7CF65D522C190345007EE839 /* ScheduleFastestLapCell.swift */,
			);
			path = Schedule;
			sourceTree = "<group>";
		};
		7CE071EB2BB79D320096DC28 /* Extension */ = {
			isa = PBXGroup;
			children = (
				7CE071EC2BB79D520096DC28 /* UIView+Helpers.swift */,
				7CE071EE2BB79D990096DC28 /* UIStackView+Helpers.swift */,
				7CE071F02BB79FD10096DC28 /* DateFormatter+Helpers.swift */,
				7CE071F22BB7A3690096DC28 /* UIFont+Helpers.swift */,
				0B7F572F2BE1A8DA00291197 /* UIColor+Helpers.swift */,
				0B7F573B2BE32F5C00291197 /* UIViewCell+Helpers.swift */,
				0B7F573D2BE47B9500291197 /* UINavigationBar+Helpers.swift */,
				0B7F573F2BE497C000291197 /* UILabel+Helpers.swift */,
				0BF2A8DA2BE849120084780E /* UIBarButtonItem+Helpers.swift */,
			);
			path = Extension;
			sourceTree = "<group>";
		};
		7CE071F42BB7A8490096DC28 /* SheduleDetail */ = {
			isa = PBXGroup;
			children = (
				7C0D22A02BC2A6C5003486DC /* ScheduleDetailController.swift */,
			);
			path = SheduleDetail;
			sourceTree = "<group>";
		};
		7CE41FBC2BBA196700DDE7FF /* RacingDriver */ = {
			isa = PBXGroup;
			children = (
				7CE071C92BB797350096DC28 /* RacingDriverViewController.swift */,
				0BC20E702BC61A590054BC2E /* DriverDetail */,
			);
			path = RacingDriver;
			sourceTree = "<group>";
		};
		7CE41FBD2BBA1F4E00DDE7FF /* RacingDriver */ = {
			isa = PBXGroup;
			children = (
				7CE41FBE2BBA1F7F00DDE7FF /* RacingDriverCell.swift */,
				0BC20E732BC630060054BC2E /* DriverHeaderCell.swift */,
			);
			path = RacingDriver;
			sourceTree = "<group>";
		};
		9814C15AF5A8E4F4B7AA8C33 /* Frameworks */ = {
			isa = PBXGroup;
			children = (
				DF334A89CB28845D22AAB9A2 /* Pods_FormulaOne.framework */,
			);
			name = Frameworks;
			sourceTree = "<group>";
		};
		FA6A2F0E3BFE403ADD37C1B5 /* Pods */ = {
			isa = PBXGroup;
			children = (
				AE2A5309CEBE4D82A85ADE78 /* Pods-FormulaOne.debug.xcconfig */,
				4DDE1FFE08C981C05E48D838 /* Pods-FormulaOne.release.xcconfig */,
			);
			path = Pods;
			sourceTree = "<group>";
		};
/* End PBXGroup section */

/* Begin PBXNativeTarget section */
		7CE071C12BB797350096DC28 /* FormulaOne */ = {
			isa = PBXNativeTarget;
			buildConfigurationList = 7CE071D62BB797370096DC28 /* Build configuration list for PBXNativeTarget "FormulaOne" */;
			buildPhases = (
				FD032ED8AA63A3C9378B47A4 /* [CP] Check Pods Manifest.lock */,
				7CE071BE2BB797350096DC28 /* Sources */,
				7CE071BF2BB797350096DC28 /* Frameworks */,
				7CE071C02BB797350096DC28 /* Resources */,
			);
			buildRules = (
			);
			dependencies = (
			);
			name = FormulaOne;
			productName = FormulaOne;
			productReference = 7CE071C22BB797350096DC28 /* FormulaOne.app */;
			productType = "com.apple.product-type.application";
		};
/* End PBXNativeTarget section */

/* Begin PBXProject section */
		7CE071BA2BB797350096DC28 /* Project object */ = {
			isa = PBXProject;
			attributes = {
				BuildIndependentTargetsInParallel = 1;
				LastSwiftUpdateCheck = 1530;
				LastUpgradeCheck = 1530;
				TargetAttributes = {
					7CE071C12BB797350096DC28 = {
						CreatedOnToolsVersion = 15.3;
					};
				};
			};
			buildConfigurationList = 7CE071BD2BB797350096DC28 /* Build configuration list for PBXProject "FormulaOne" */;
			compatibilityVersion = "Xcode 14.0";
			developmentRegion = en;
			hasScannedForEncodings = 0;
			knownRegions = (
				en,
				Base,
			);
			mainGroup = 7CE071B92BB797350096DC28;
			productRefGroup = 7CE071C32BB797350096DC28 /* Products */;
			projectDirPath = "";
			projectRoot = "";
			targets = (
				7CE071C12BB797350096DC28 /* FormulaOne */,
			);
		};
/* End PBXProject section */

/* Begin PBXResourcesBuildPhase section */
		7CE071C02BB797350096DC28 /* Resources */ = {
			isa = PBXResourcesBuildPhase;
			buildActionMask = 2147483647;
			files = (
				7CE071CF2BB797370096DC28 /* Assets.xcassets in Resources */,
				0B7F57382BE1DFFB00291197 /* super-star.ttf in Resources */,
				7CE071D22BB797370096DC28 /* Base in Resources */,
				0B7F573A2BE31BEB00291197 /* C&C Red Alert.ttf in Resources */,
			);
			runOnlyForDeploymentPostprocessing = 0;
		};
/* End PBXResourcesBuildPhase section */

/* Begin PBXShellScriptBuildPhase section */
		FD032ED8AA63A3C9378B47A4 /* [CP] Check Pods Manifest.lock */ = {
			isa = PBXShellScriptBuildPhase;
			buildActionMask = 2147483647;
			files = (
			);
			inputFileListPaths = (
			);
			inputPaths = (
				"${PODS_PODFILE_DIR_PATH}/Podfile.lock",
				"${PODS_ROOT}/Manifest.lock",
			);
			name = "[CP] Check Pods Manifest.lock";
			outputFileListPaths = (
			);
			outputPaths = (
				"$(DERIVED_FILE_DIR)/Pods-FormulaOne-checkManifestLockResult.txt",
			);
			runOnlyForDeploymentPostprocessing = 0;
			shellPath = /bin/sh;
			shellScript = "diff \"${PODS_PODFILE_DIR_PATH}/Podfile.lock\" \"${PODS_ROOT}/Manifest.lock\" > /dev/null\nif [ $? != 0 ] ; then\n    # print error to STDERR\n    echo \"error: The sandbox is not in sync with the Podfile.lock. Run 'pod install' or update your CocoaPods installation.\" >&2\n    exit 1\nfi\n# This output is used by Xcode 'outputs' to avoid re-running this script phase.\necho \"SUCCESS\" > \"${SCRIPT_OUTPUT_FILE_0}\"\n";
			showEnvVarsInLog = 0;
		};
/* End PBXShellScriptBuildPhase section */

/* Begin PBXSourcesBuildPhase section */
		7CE071BE2BB797350096DC28 /* Sources */ = {
			isa = PBXSourcesBuildPhase;
			buildActionMask = 2147483647;
			files = (
				7CA230872BC3DAA0000C252A /* ScheduleDetailHeaderCell.swift in Sources */,
				7CE071F32BB7A3690096DC28 /* UIFont+Helpers.swift in Sources */,
				0B563C912BEEB63800D076C3 /* ScheduleAboutCell.swift in Sources */,
				0BC20E742BC630060054BC2E /* DriverHeaderCell.swift in Sources */,
				7CE41FBF2BBA1F7F00DDE7FF /* RacingDriverCell.swift in Sources */,
				7CE071ED2BB79D520096DC28 /* UIView+Helpers.swift in Sources */,
				7CE071CA2BB797350096DC28 /* RacingDriverViewController.swift in Sources */,
				7CE071C62BB797350096DC28 /* AppDelegate.swift in Sources */,
				7CE071DA2BB797E10096DC28 /* MainTabController.swift in Sources */,
				7CE071DE2BB798630096DC28 /* ScheduleViewController.swift in Sources */,
				0B7F573E2BE47B9500291197 /* UINavigationBar+Helpers.swift in Sources */,
				7CE071EA2BB79A040096DC28 /* ScheduleCell.swift in Sources */,
				7CE071F82BB88CDD0096DC28 /* ScheduleDetailCell.swift in Sources */,
				7CE071C82BB797350096DC28 /* SceneDelegate.swift in Sources */,
				7CE071E12BB798D00096DC28 /* Schedule.swift in Sources */,
				0BAB080D2BF2E85A00A392DE /* Circuit.swift in Sources */,
				7CE071EF2BB79D990096DC28 /* UIStackView+Helpers.swift in Sources */,
				0B7F57402BE497C000291197 /* UILabel+Helpers.swift in Sources */,
				7C1E1B192C15244300B4C1B0 /* DriverDetailController.swift in Sources */,
				0BE82FA12BC6447A00723155 /* Driver.swift in Sources */,
				7CF65D552C19885B007EE839 /* ReusableHeaderView.swift in Sources */,
				0B19F7292BE5914F006ECE82 /* Team.swift in Sources */,
				0B19F72C2BE5D675006ECE82 /* TeamsViewCell.swift in Sources */,
				0BF2A8DB2BE849120084780E /* UIBarButtonItem+Helpers.swift in Sources */,
				7CE071E42BB799250096DC28 /* APIService.swift in Sources */,
				0B7F573C2BE32F5C00291197 /* UIViewCell+Helpers.swift in Sources */,
				0B7F57302BE1A8DA00291197 /* UIColor+Helpers.swift in Sources */,
				7CE071F12BB79FD10096DC28 /* DateFormatter+Helpers.swift in Sources */,
				7CF65D532C190345007EE839 /* ScheduleFastestLapCell.swift in Sources */,
				7C0D22A12BC2A6C5003486DC /* ScheduleDetailController.swift in Sources */,
				0B19F7272BE58A22006ECE82 /* TeamsViewController.swift in Sources */,
				7CE071DC2BB7981C0096DC28 /* BaseCollectionView.swift in Sources */,
				0BC20E722BC61AB90054BC2E /* DriverDetailViewController.swift in Sources */,
			);
			runOnlyForDeploymentPostprocessing = 0;
		};
/* End PBXSourcesBuildPhase section */

/* Begin PBXVariantGroup section */
		7CE071D02BB797370096DC28 /* LaunchScreen.storyboard */ = {
			isa = PBXVariantGroup;
			children = (
				7CE071D12BB797370096DC28 /* Base */,
			);
			name = LaunchScreen.storyboard;
			sourceTree = "<group>";
		};
/* End PBXVariantGroup section */

/* Begin XCBuildConfiguration section */
		7CE071D42BB797370096DC28 /* Debug */ = {
			isa = XCBuildConfiguration;
			buildSettings = {
				ALWAYS_SEARCH_USER_PATHS = NO;
				ASSETCATALOG_COMPILER_GENERATE_SWIFT_ASSET_SYMBOL_EXTENSIONS = YES;
				CLANG_ANALYZER_NONNULL = YES;
				CLANG_ANALYZER_NUMBER_OBJECT_CONVERSION = YES_AGGRESSIVE;
				CLANG_CXX_LANGUAGE_STANDARD = "gnu++20";
				CLANG_ENABLE_MODULES = YES;
				CLANG_ENABLE_OBJC_ARC = YES;
				CLANG_ENABLE_OBJC_WEAK = YES;
				CLANG_WARN_BLOCK_CAPTURE_AUTORELEASING = YES;
				CLANG_WARN_BOOL_CONVERSION = YES;
				CLANG_WARN_COMMA = YES;
				CLANG_WARN_CONSTANT_CONVERSION = YES;
				CLANG_WARN_DEPRECATED_OBJC_IMPLEMENTATIONS = YES;
				CLANG_WARN_DIRECT_OBJC_ISA_USAGE = YES_ERROR;
				CLANG_WARN_DOCUMENTATION_COMMENTS = YES;
				CLANG_WARN_EMPTY_BODY = YES;
				CLANG_WARN_ENUM_CONVERSION = YES;
				CLANG_WARN_INFINITE_RECURSION = YES;
				CLANG_WARN_INT_CONVERSION = YES;
				CLANG_WARN_NON_LITERAL_NULL_CONVERSION = YES;
				CLANG_WARN_OBJC_IMPLICIT_RETAIN_SELF = YES;
				CLANG_WARN_OBJC_LITERAL_CONVERSION = YES;
				CLANG_WARN_OBJC_ROOT_CLASS = YES_ERROR;
				CLANG_WARN_QUOTED_INCLUDE_IN_FRAMEWORK_HEADER = YES;
				CLANG_WARN_RANGE_LOOP_ANALYSIS = YES;
				CLANG_WARN_STRICT_PROTOTYPES = YES;
				CLANG_WARN_SUSPICIOUS_MOVE = YES;
				CLANG_WARN_UNGUARDED_AVAILABILITY = YES_AGGRESSIVE;
				CLANG_WARN_UNREACHABLE_CODE = YES;
				CLANG_WARN__DUPLICATE_METHOD_MATCH = YES;
				COPY_PHASE_STRIP = NO;
				DEBUG_INFORMATION_FORMAT = dwarf;
				ENABLE_STRICT_OBJC_MSGSEND = YES;
				ENABLE_TESTABILITY = YES;
				ENABLE_USER_SCRIPT_SANDBOXING = YES;
				GCC_C_LANGUAGE_STANDARD = gnu17;
				GCC_DYNAMIC_NO_PIC = NO;
				GCC_NO_COMMON_BLOCKS = YES;
				GCC_OPTIMIZATION_LEVEL = 0;
				GCC_PREPROCESSOR_DEFINITIONS = (
					"DEBUG=1",
					"$(inherited)",
				);
				GCC_WARN_64_TO_32_BIT_CONVERSION = YES;
				GCC_WARN_ABOUT_RETURN_TYPE = YES_ERROR;
				GCC_WARN_UNDECLARED_SELECTOR = YES;
				GCC_WARN_UNINITIALIZED_AUTOS = YES_AGGRESSIVE;
				GCC_WARN_UNUSED_FUNCTION = YES;
				GCC_WARN_UNUSED_VARIABLE = YES;
				IPHONEOS_DEPLOYMENT_TARGET = 17.4;
				LOCALIZATION_PREFERS_STRING_CATALOGS = YES;
				MTL_ENABLE_DEBUG_INFO = INCLUDE_SOURCE;
				MTL_FAST_MATH = YES;
				ONLY_ACTIVE_ARCH = YES;
				SDKROOT = iphoneos;
				SWIFT_ACTIVE_COMPILATION_CONDITIONS = "DEBUG $(inherited)";
				SWIFT_OPTIMIZATION_LEVEL = "-Onone";
			};
			name = Debug;
		};
		7CE071D52BB797370096DC28 /* Release */ = {
			isa = XCBuildConfiguration;
			buildSettings = {
				ALWAYS_SEARCH_USER_PATHS = NO;
				ASSETCATALOG_COMPILER_GENERATE_SWIFT_ASSET_SYMBOL_EXTENSIONS = YES;
				CLANG_ANALYZER_NONNULL = YES;
				CLANG_ANALYZER_NUMBER_OBJECT_CONVERSION = YES_AGGRESSIVE;
				CLANG_CXX_LANGUAGE_STANDARD = "gnu++20";
				CLANG_ENABLE_MODULES = YES;
				CLANG_ENABLE_OBJC_ARC = YES;
				CLANG_ENABLE_OBJC_WEAK = YES;
				CLANG_WARN_BLOCK_CAPTURE_AUTORELEASING = YES;
				CLANG_WARN_BOOL_CONVERSION = YES;
				CLANG_WARN_COMMA = YES;
				CLANG_WARN_CONSTANT_CONVERSION = YES;
				CLANG_WARN_DEPRECATED_OBJC_IMPLEMENTATIONS = YES;
				CLANG_WARN_DIRECT_OBJC_ISA_USAGE = YES_ERROR;
				CLANG_WARN_DOCUMENTATION_COMMENTS = YES;
				CLANG_WARN_EMPTY_BODY = YES;
				CLANG_WARN_ENUM_CONVERSION = YES;
				CLANG_WARN_INFINITE_RECURSION = YES;
				CLANG_WARN_INT_CONVERSION = YES;
				CLANG_WARN_NON_LITERAL_NULL_CONVERSION = YES;
				CLANG_WARN_OBJC_IMPLICIT_RETAIN_SELF = YES;
				CLANG_WARN_OBJC_LITERAL_CONVERSION = YES;
				CLANG_WARN_OBJC_ROOT_CLASS = YES_ERROR;
				CLANG_WARN_QUOTED_INCLUDE_IN_FRAMEWORK_HEADER = YES;
				CLANG_WARN_RANGE_LOOP_ANALYSIS = YES;
				CLANG_WARN_STRICT_PROTOTYPES = YES;
				CLANG_WARN_SUSPICIOUS_MOVE = YES;
				CLANG_WARN_UNGUARDED_AVAILABILITY = YES_AGGRESSIVE;
				CLANG_WARN_UNREACHABLE_CODE = YES;
				CLANG_WARN__DUPLICATE_METHOD_MATCH = YES;
				COPY_PHASE_STRIP = NO;
				DEBUG_INFORMATION_FORMAT = "dwarf-with-dsym";
				ENABLE_NS_ASSERTIONS = NO;
				ENABLE_STRICT_OBJC_MSGSEND = YES;
				ENABLE_USER_SCRIPT_SANDBOXING = YES;
				GCC_C_LANGUAGE_STANDARD = gnu17;
				GCC_NO_COMMON_BLOCKS = YES;
				GCC_WARN_64_TO_32_BIT_CONVERSION = YES;
				GCC_WARN_ABOUT_RETURN_TYPE = YES_ERROR;
				GCC_WARN_UNDECLARED_SELECTOR = YES;
				GCC_WARN_UNINITIALIZED_AUTOS = YES_AGGRESSIVE;
				GCC_WARN_UNUSED_FUNCTION = YES;
				GCC_WARN_UNUSED_VARIABLE = YES;
				IPHONEOS_DEPLOYMENT_TARGET = 17.4;
				LOCALIZATION_PREFERS_STRING_CATALOGS = YES;
				MTL_ENABLE_DEBUG_INFO = NO;
				MTL_FAST_MATH = YES;
				SDKROOT = iphoneos;
				SWIFT_COMPILATION_MODE = wholemodule;
				VALIDATE_PRODUCT = YES;
			};
			name = Release;
		};
		7CE071D72BB797370096DC28 /* Debug */ = {
			isa = XCBuildConfiguration;
			baseConfigurationReference = AE2A5309CEBE4D82A85ADE78 /* Pods-FormulaOne.debug.xcconfig */;
			buildSettings = {
				ASSETCATALOG_COMPILER_APPICON_NAME = AppIcon;
				ASSETCATALOG_COMPILER_GLOBAL_ACCENT_COLOR_NAME = AccentColor;
				CODE_SIGN_STYLE = Automatic;
				CURRENT_PROJECT_VERSION = 1;
				DEVELOPMENT_TEAM = 9CWTM4F934;
				ENABLE_USER_SCRIPT_SANDBOXING = NO;
				GENERATE_INFOPLIST_FILE = YES;
				INFOPLIST_FILE = FormulaOne/Info.plist;
				INFOPLIST_KEY_UIApplicationSupportsIndirectInputEvents = YES;
				INFOPLIST_KEY_UILaunchStoryboardName = LaunchScreen;
				INFOPLIST_KEY_UISupportedInterfaceOrientations_iPad = "UIInterfaceOrientationPortrait UIInterfaceOrientationPortraitUpsideDown UIInterfaceOrientationLandscapeLeft UIInterfaceOrientationLandscapeRight";
				INFOPLIST_KEY_UISupportedInterfaceOrientations_iPhone = "UIInterfaceOrientationPortrait UIInterfaceOrientationLandscapeLeft UIInterfaceOrientationLandscapeRight";
				IPHONEOS_DEPLOYMENT_TARGET = 16.2;
				LD_RUNPATH_SEARCH_PATHS = (
					"$(inherited)",
					"@executable_path/Frameworks",
				);
				MARKETING_VERSION = 1.0;
				PRODUCT_BUNDLE_IDENTIFIER = com.mora.FormulaOne;
				PRODUCT_NAME = "$(TARGET_NAME)";
				SWIFT_EMIT_LOC_STRINGS = YES;
				SWIFT_VERSION = 5.0;
				TARGETED_DEVICE_FAMILY = "1,2";
			};
			name = Debug;
		};
		7CE071D82BB797370096DC28 /* Release */ = {
			isa = XCBuildConfiguration;
			baseConfigurationReference = 4DDE1FFE08C981C05E48D838 /* Pods-FormulaOne.release.xcconfig */;
			buildSettings = {
				ASSETCATALOG_COMPILER_APPICON_NAME = AppIcon;
				ASSETCATALOG_COMPILER_GLOBAL_ACCENT_COLOR_NAME = AccentColor;
				CODE_SIGN_STYLE = Automatic;
				CURRENT_PROJECT_VERSION = 1;
				DEVELOPMENT_TEAM = 9CWTM4F934;
				ENABLE_USER_SCRIPT_SANDBOXING = NO;
				GENERATE_INFOPLIST_FILE = YES;
				INFOPLIST_FILE = FormulaOne/Info.plist;
				INFOPLIST_KEY_UIApplicationSupportsIndirectInputEvents = YES;
				INFOPLIST_KEY_UILaunchStoryboardName = LaunchScreen;
				INFOPLIST_KEY_UISupportedInterfaceOrientations_iPad = "UIInterfaceOrientationPortrait UIInterfaceOrientationPortraitUpsideDown UIInterfaceOrientationLandscapeLeft UIInterfaceOrientationLandscapeRight";
				INFOPLIST_KEY_UISupportedInterfaceOrientations_iPhone = "UIInterfaceOrientationPortrait UIInterfaceOrientationLandscapeLeft UIInterfaceOrientationLandscapeRight";
				IPHONEOS_DEPLOYMENT_TARGET = 16.2;
				LD_RUNPATH_SEARCH_PATHS = (
					"$(inherited)",
					"@executable_path/Frameworks",
				);
				MARKETING_VERSION = 1.0;
				PRODUCT_BUNDLE_IDENTIFIER = com.mora.FormulaOne;
				PRODUCT_NAME = "$(TARGET_NAME)";
				SWIFT_EMIT_LOC_STRINGS = YES;
				SWIFT_VERSION = 5.0;
				TARGETED_DEVICE_FAMILY = "1,2";
			};
			name = Release;
		};
/* End XCBuildConfiguration section */

/* Begin XCConfigurationList section */
		7CE071BD2BB797350096DC28 /* Build configuration list for PBXProject "FormulaOne" */ = {
			isa = XCConfigurationList;
			buildConfigurations = (
				7CE071D42BB797370096DC28 /* Debug */,
				7CE071D52BB797370096DC28 /* Release */,
			);
			defaultConfigurationIsVisible = 0;
			defaultConfigurationName = Release;
		};
		7CE071D62BB797370096DC28 /* Build configuration list for PBXNativeTarget "FormulaOne" */ = {
			isa = XCConfigurationList;
			buildConfigurations = (
				7CE071D72BB797370096DC28 /* Debug */,
				7CE071D82BB797370096DC28 /* Release */,
			);
			defaultConfigurationIsVisible = 0;
			defaultConfigurationName = Release;
		};
/* End XCConfigurationList section */
	};
	rootObject = 7CE071BA2BB797350096DC28 /* Project object */;
}
